Microsoft Visual Studio Solution File, Format Version 12.00
# Visual Studio Version 17
VisualStudioVersion = 17.5.2.0
MinimumVisualStudioVersion = 10.0.40219.1
Project("{FAE04EC0-301F-11D3-BF4B-00C04F79EFBC}") = "backend-lab-C25063", "backend-lab-C25063\backend-lab-C25063.csproj", "{032EA7B4-419D-FB80-84DC-E3DC2B93644A}"
EndProject
Global
	GlobalSection(SolutionConfigurationPlatforms) = preSolution
		Debug|Any CPU = Debug|Any CPU
		Release|Any CPU = Release|Any CPU
	EndGlobalSection
	GlobalSection(ProjectConfigurationPlatforms) = postSolution
		{032EA7B4-419D-FB80-84DC-E3DC2B93644A}.Debug|Any CPU.ActiveCfg = Debug|Any CPU
		{032EA7B4-419D-FB80-84DC-E3DC2B93644A}.Debug|Any CPU.Build.0 = Debug|Any CPU
		{032EA7B4-419D-FB80-84DC-E3DC2B93644A}.Release|Any CPU.ActiveCfg = Release|Any CPU
		{032EA7B4-419D-FB80-84DC-E3DC2B93644A}.Release|Any CPU.Build.0 = Release|Any CPU
	EndGlobalSection
	GlobalSection(SolutionProperties) = preSolution
		HideSolutionNode = FALSE
	EndGlobalSection
	GlobalSection(ExtensibilityGlobals) = postSolution
		SolutionGuid = {02A0D28D-601E-47AE-BFFF-873471FE8044}
	EndGlobalSection
EndGlobal
